# THIS IS AN AUTOGENERATED FILE. DO NOT EDIT THIS FILE DIRECTLY.
# yarn lockfile v1


"@openzeppelin/contracts@^3.0.1":
  version "3.0.1"
  resolved "https://registry.yarnpkg.com/@openzeppelin/contracts/-/contracts-3.0.1.tgz#2f327f77d16b43f14674086b2b634bda38cb0838"
  integrity sha512-uSrD7hZ0ViuHGqHZbeHawZBi/uy7aBiNramXAt2dFFuSuoU4u9insS3V3zdVfOnYSPreUo636xSOuQIFN4//HA==
